// !$*UTF8*$!
{
	archiveVersion = 1;
	classes = {
	};
	objectVersion = 46;
	objects = {

/* Begin PBXBuildFile section */
		AC15B066165B528C00E856E4 /* UIKit.framework in Frameworks */ = {isa = PBXBuildFile; fileRef = AC15B065165B528C00E856E4 /* UIKit.framework */; };
		AC15B068165B528C00E856E4 /* Foundation.framework in Frameworks */ = {isa = PBXBuildFile; fileRef = AC15B067165B528C00E856E4 /* Foundation.framework */; };
		AC15B06A165B528C00E856E4 /* CoreGraphics.framework in Frameworks */ = {isa = PBXBuildFile; fileRef = AC15B069165B528C00E856E4 /* CoreGraphics.framework */; };
		AC15B070165B528C00E856E4 /* InfoPlist.strings in Resources */ = {isa = PBXBuildFile; fileRef = AC15B06E165B528C00E856E4 /* InfoPlist.strings */; };
		AC15B072165B528C00E856E4 /* main.m in Sources */ = {isa = PBXBuildFile; fileRef = AC15B071165B528C00E856E4 /* main.m */; };
		AC15B076165B528C00E856E4 /* ZPAppDelegate.m in Sources */ = {isa = PBXBuildFile; fileRef = AC15B075165B528C00E856E4 /* ZPAppDelegate.m */; };
		AC15B078165B528C00E856E4 /* Default.png in Resources */ = {isa = PBXBuildFile; fileRef = AC15B077165B528C00E856E4 /* Default.png */; };
		AC15B07A165B528C00E856E4 /* Default@2x.png in Resources */ = {isa = PBXBuildFile; fileRef = AC15B079165B528C00E856E4 /* Default@2x.png */; };
		AC15B07C165B528C00E856E4 /* Default-568h@2x.png in Resources */ = {isa = PBXBuildFile; fileRef = AC15B07B165B528C00E856E4 /* Default-568h@2x.png */; };
		AC15B08D165B52F300E856E4 /* libcore.a in Frameworks */ = {isa = PBXBuildFile; fileRef = AC15B08A165B52BD00E856E4 /* libcore.a */; };
		AC15B09D165B56D400E856E4 /* AppBaseController.m in Sources */ = {isa = PBXBuildFile; fileRef = AC15B09A165B56D400E856E4 /* AppBaseController.m */; };
		AC15B09E165B56D400E856E4 /* GlobalObjectsContainer.m in Sources */ = {isa = PBXBuildFile; fileRef = AC15B09C165B56D400E856E4 /* GlobalObjectsContainer.m */; };
		AC15B0A1165BC00200E856E4 /* HomeController.m in Sources */ = {isa = PBXBuildFile; fileRef = AC15B0A0165BC00100E856E4 /* HomeController.m */; };
		AC15B0AE165BC22F00E856E4 /* Documents in Resources */ = {isa = PBXBuildFile; fileRef = AC15B0AD165BC22F00E856E4 /* Documents */; };
		AC15B0D4165BD2CE00E856E4 /* GameKit.framework in Frameworks */ = {isa = PBXBuildFile; fileRef = AC15B0D3165BD2CE00E856E4 /* GameKit.framework */; };
		AC15B0D6165BD2D600E856E4 /* SystemConfiguration.framework in Frameworks */ = {isa = PBXBuildFile; fileRef = AC15B0D5165BD2D600E856E4 /* SystemConfiguration.framework */; };
		AC15B0D8165BD2E800E856E4 /* MobileCoreServices.framework in Frameworks */ = {isa = PBXBuildFile; fileRef = AC15B0D7165BD2E800E856E4 /* MobileCoreServices.framework */; };
		AC15B0DA165BD2F800E856E4 /* CoreFoundation.framework in Frameworks */ = {isa = PBXBuildFile; fileRef = AC15B0D9165BD2F700E856E4 /* CoreFoundation.framework */; };
		AC15B0DC165BD30200E856E4 /* QuartzCore.framework in Frameworks */ = {isa = PBXBuildFile; fileRef = AC15B0DB165BD30200E856E4 /* QuartzCore.framework */; };
		AC15B0DE165BD31600E856E4 /* CoreData.framework in Frameworks */ = {isa = PBXBuildFile; fileRef = AC15B0DD165BD31600E856E4 /* CoreData.framework */; };
		AC15B0E0165BD41100E856E4 /* libz.dylib in Frameworks */ = {isa = PBXBuildFile; fileRef = AC15B0DF165BD41100E856E4 /* libz.dylib */; };
		AC15B0E4165BD5A700E856E4 /* libxml2.dylib in Frameworks */ = {isa = PBXBuildFile; fileRef = AC15B0E3165BD5A700E856E4 /* libxml2.dylib */; };
		AC4AB5D8167D7E51006D88B7 /* CFNetwork.framework in Frameworks */ = {isa = PBXBuildFile; fileRef = AC4AB5D7167D7E51006D88B7 /* CFNetwork.framework */; };
		ACA95907166CD1DD00302D82 /* SmartPhoneController.m in Sources */ = {isa = PBXBuildFile; fileRef = ACA95906166CD1DD00302D82 /* SmartPhoneController.m */; };
		ACA9590A166CD40D00302D82 /* RecentCallController.m in Sources */ = {isa = PBXBuildFile; fileRef = ACA95909166CD40D00302D82 /* RecentCallController.m */; };
		ACA9590D166CD4C900302D82 /* AddressBookController.m in Sources */ = {isa = PBXBuildFile; fileRef = ACA9590C166CD4C900302D82 /* AddressBookController.m */; };
		ACA95910166CD50900302D82 /* DialingController.m in Sources */ = {isa = PBXBuildFile; fileRef = ACA9590F166CD50900302D82 /* DialingController.m */; };
		ACA95913166CE7B100302D82 /* ContactDetailController.m in Sources */ = {isa = PBXBuildFile; fileRef = ACA95912166CE7B100302D82 /* ContactDetailController.m */; };
		ACA95917166D883F00302D82 /* FamilyMemberController.m in Sources */ = {isa = PBXBuildFile; fileRef = ACA95916166D883F00302D82 /* FamilyMemberController.m */; };
		ACA9591B166D8A8200302D82 /* CommunityServiceCallingListController.m in Sources */ = {isa = PBXBuildFile; fileRef = ACA9591A166D8A8200302D82 /* CommunityServiceCallingListController.m */; };
		ACA95921166DC3C900302D82 /* CommunityServiceAcceptOrderController.m in Sources */ = {isa = PBXBuildFile; fileRef = ACA95920166DC3C900302D82 /* CommunityServiceAcceptOrderController.m */; };
		ACA95924166DCE0500302D82 /* CommunityServiceAcceptOrderSuccessController.m in Sources */ = {isa = PBXBuildFile; fileRef = ACA95923166DCE0500302D82 /* CommunityServiceAcceptOrderSuccessController.m */; };
		ACA95927166DCE1E00302D82 /* CommunityServiceAcceptOrderFailController.m in Sources */ = {isa = PBXBuildFile; fileRef = ACA95926166DCE1E00302D82 /* CommunityServiceAcceptOrderFailController.m */; };
		ACA95936166DF5C100302D82 /* CommunityServiceAcceptOrderProcessController.m in Sources */ = {isa = PBXBuildFile; fileRef = ACA95935166DF5C000302D82 /* CommunityServiceAcceptOrderProcessController.m */; };
		ACA9593A166E280B00302D82 /* LifeServiceCallingListController.m in Sources */ = {isa = PBXBuildFile; fileRef = ACA95939166E280B00302D82 /* LifeServiceCallingListController.m */; };
		ACA9593D166E291F00302D82 /* LifeServiceAcceptOrderController.m in Sources */ = {isa = PBXBuildFile; fileRef = ACA9593C166E291F00302D82 /* LifeServiceAcceptOrderController.m */; };
		ACA95940166E29A100302D82 /* LifeServiceAcceptOrderSuccessController.m in Sources */ = {isa = PBXBuildFile; fileRef = ACA9593F166E29A100302D82 /* LifeServiceAcceptOrderSuccessController.m */; };
		ACA95943166E29BC00302D82 /* LifeServiceAcceptOrderFailController.m in Sources */ = {isa = PBXBuildFile; fileRef = ACA95942166E29BC00302D82 /* LifeServiceAcceptOrderFailController.m */; };
		ACA95946166E29EC00302D82 /* LifeServiceAcceptOrderProcessController.m in Sources */ = {isa = PBXBuildFile; fileRef = ACA95945166E29EB00302D82 /* LifeServiceAcceptOrderProcessController.m */; };
		ACACC6761660F70C00CE5BC0 /* LoginController.m in Sources */ = {isa = PBXBuildFile; fileRef = ACACC6751660F70C00CE5BC0 /* LoginController.m */; };
		ACACC68E1661142A00CE5BC0 /* ProvideForTheAgedIndexController.m in Sources */ = {isa = PBXBuildFile; fileRef = ACACC68D1661142A00CE5BC0 /* ProvideForTheAgedIndexController.m */; };
		ACACC6A116611C1A00CE5BC0 /* AudioToolbox.framework in Frameworks */ = {isa = PBXBuildFile; fileRef = ACACC6A016611C1900CE5BC0 /* AudioToolbox.framework */; };
		ACACC6A516649B3F00CE5BC0 /* CallListController.m in Sources */ = {isa = PBXBuildFile; fileRef = ACACC6A416649B3F00CE5BC0 /* CallListController.m */; };
		ACACC6A81664AFF800CE5BC0 /* RescueController.m in Sources */ = {isa = PBXBuildFile; fileRef = ACACC6A71664AFF700CE5BC0 /* RescueController.m */; };
		ACB1629C168043B20029E395 /* 37x-Checkmark.png in Resources */ = {isa = PBXBuildFile; fileRef = ACB1629A168043B20029E395 /* 37x-Checkmark.png */; };
		ACB1629D168043B20029E395 /* 37x-Checkmark@2x.png in Resources */ = {isa = PBXBuildFile; fileRef = ACB1629B168043B20029E395 /* 37x-Checkmark@2x.png */; };
		ACB162BB1680703B0029E395 /* AppSession.m in Sources */ = {isa = PBXBuildFile; fileRef = ACB162BA1680703A0029E395 /* AppSession.m */; };
		ACB162D116897E6D0029E395 /* CoreLocation.framework in Frameworks */ = {isa = PBXBuildFile; fileRef = ACB162D016897E6C0029E395 /* CoreLocation.framework */; };
/* End PBXBuildFile section */

/* Begin PBXContainerItemProxy section */
		AC15B089165B52BD00E856E4 /* PBXContainerItemProxy */ = {
			isa = PBXContainerItemProxy;
			containerPortal = AC15B082165B52BD00E856E4 /* core.xcodeproj */;
			proxyType = 2;
			remoteGlobalIDString = ACDDF37A1531BFE400011F06;
			remoteInfo = core;
		};
		AC15B08B165B52E600E856E4 /* PBXContainerItemProxy */ = {
			isa = PBXContainerItemProxy;
			containerPortal = AC15B082165B52BD00E856E4 /* core.xcodeproj */;
			proxyType = 1;
			remoteGlobalIDString = ACDDF3791531BFE400011F06;
			remoteInfo = core;
		};
/* End PBXContainerItemProxy section */

/* Begin PBXFileReference section */
		AC15B061165B528C00E856E4 /* SmartLife.app */ = {isa = PBXFileReference; explicitFileType = wrapper.application; includeInIndex = 0; path = SmartLife.app; sourceTree = BUILT_PRODUCTS_DIR; };
		AC15B065165B528C00E856E4 /* UIKit.framework */ = {isa = PBXFileReference; lastKnownFileType = wrapper.framework; name = UIKit.framework; path = System/Library/Frameworks/UIKit.framework; sourceTree = SDKROOT; };
		AC15B067165B528C00E856E4 /* Foundation.framework */ = {isa = PBXFileReference; lastKnownFileType = wrapper.framework; name = Foundation.framework; path = System/Library/Frameworks/Foundation.framework; sourceTree = SDKROOT; };
		AC15B069165B528C00E856E4 /* CoreGraphics.framework */ = {isa = PBXFileReference; lastKnownFileType = wrapper.framework; name = CoreGraphics.framework; path = System/Library/Frameworks/CoreGraphics.framework; sourceTree = SDKROOT; };
		AC15B06D165B528C00E856E4 /* SmartLife-Info.plist */ = {isa = PBXFileReference; lastKnownFileType = text.plist.xml; path = "SmartLife-Info.plist"; sourceTree = "<group>"; };
		AC15B06F165B528C00E856E4 /* en */ = {isa = PBXFileReference; lastKnownFileType = text.plist.strings; name = en; path = en.lproj/InfoPlist.strings; sourceTree = "<group>"; };
		AC15B071165B528C00E856E4 /* main.m */ = {isa = PBXFileReference; lastKnownFileType = sourcecode.c.objc; path = main.m; sourceTree = "<group>"; };
		AC15B073165B528C00E856E4 /* SmartLife-Prefix.pch */ = {isa = PBXFileReference; lastKnownFileType = sourcecode.c.h; path = "SmartLife-Prefix.pch"; sourceTree = "<group>"; };
		AC15B074165B528C00E856E4 /* ZPAppDelegate.h */ = {isa = PBXFileReference; lastKnownFileType = sourcecode.c.h; path = ZPAppDelegate.h; sourceTree = "<group>"; };
		AC15B075165B528C00E856E4 /* ZPAppDelegate.m */ = {isa = PBXFileReference; lastKnownFileType = sourcecode.c.objc; path = ZPAppDelegate.m; sourceTree = "<group>"; };
		AC15B077165B528C00E856E4 /* Default.png */ = {isa = PBXFileReference; lastKnownFileType = image.png; path = Default.png; sourceTree = "<group>"; };
		AC15B079165B528C00E856E4 /* Default@2x.png */ = {isa = PBXFileReference; lastKnownFileType = image.png; path = "Default@2x.png"; sourceTree = "<group>"; };
		AC15B07B165B528C00E856E4 /* Default-568h@2x.png */ = {isa = PBXFileReference; lastKnownFileType = image.png; path = "Default-568h@2x.png"; sourceTree = "<group>"; };
		AC15B082165B52BD00E856E4 /* core.xcodeproj */ = {isa = PBXFileReference; lastKnownFileType = "wrapper.pb-project"; name = core.xcodeproj; path = ../../com.zppro/core/core.xcodeproj; sourceTree = "<group>"; };
		AC15B099165B56D400E856E4 /* AppBaseController.h */ = {isa = PBXFileReference; fileEncoding = 4; lastKnownFileType = sourcecode.c.h; name = AppBaseController.h; path = AppCore/AppBaseController.h; sourceTree = "<group>"; };
		AC15B09A165B56D400E856E4 /* AppBaseController.m */ = {isa = PBXFileReference; fileEncoding = 4; lastKnownFileType = sourcecode.c.objc; name = AppBaseController.m; path = AppCore/AppBaseController.m; sourceTree = "<group>"; };
		AC15B09B165B56D400E856E4 /* GlobalObjectsContainer.h */ = {isa = PBXFileReference; fileEncoding = 4; lastKnownFileType = sourcecode.c.h; name = GlobalObjectsContainer.h; path = AppCore/GlobalObjectsContainer.h; sourceTree = "<group>"; };
		AC15B09C165B56D400E856E4 /* GlobalObjectsContainer.m */ = {isa = PBXFileReference; fileEncoding = 4; lastKnownFileType = sourcecode.c.objc; name = GlobalObjectsContainer.m; path = AppCore/GlobalObjectsContainer.m; sourceTree = "<group>"; };
		AC15B09F165BC00100E856E4 /* HomeController.h */ = {isa = PBXFileReference; fileEncoding = 4; lastKnownFileType = sourcecode.c.h; path = HomeController.h; sourceTree = "<group>"; };
		AC15B0A0165BC00100E856E4 /* HomeController.m */ = {isa = PBXFileReference; fileEncoding = 4; lastKnownFileType = sourcecode.c.objc; path = HomeController.m; sourceTree = "<group>"; };
		AC15B0AD165BC22F00E856E4 /* Documents */ = {isa = PBXFileReference; lastKnownFileType = folder; path = Documents; sourceTree = "<group>"; };
		AC15B0D3165BD2CE00E856E4 /* GameKit.framework */ = {isa = PBXFileReference; lastKnownFileType = wrapper.framework; name = GameKit.framework; path = System/Library/Frameworks/GameKit.framework; sourceTree = SDKROOT; };
		AC15B0D5165BD2D600E856E4 /* SystemConfiguration.framework */ = {isa = PBXFileReference; lastKnownFileType = wrapper.framework; name = SystemConfiguration.framework; path = System/Library/Frameworks/SystemConfiguration.framework; sourceTree = SDKROOT; };
		AC15B0D7165BD2E800E856E4 /* MobileCoreServices.framework */ = {isa = PBXFileReference; lastKnownFileType = wrapper.framework; name = MobileCoreServices.framework; path = System/Library/Frameworks/MobileCoreServices.framework; sourceTree = SDKROOT; };
		AC15B0D9165BD2F700E856E4 /* CoreFoundation.framework */ = {isa = PBXFileReference; lastKnownFileType = wrapper.framework; name = CoreFoundation.framework; path = System/Library/Frameworks/CoreFoundation.framework; sourceTree = SDKROOT; };
		AC15B0DB165BD30200E856E4 /* QuartzCore.framework */ = {isa = PBXFileReference; lastKnownFileType = wrapper.framework; name = QuartzCore.framework; path = System/Library/Frameworks/QuartzCore.framework; sourceTree = SDKROOT; };
		AC15B0DD165BD31600E856E4 /* CoreData.framework */ = {isa = PBXFileReference; lastKnownFileType = wrapper.framework; name = CoreData.framework; path = System/Library/Frameworks/CoreData.framework; sourceTree = SDKROOT; };
		AC15B0DF165BD41100E856E4 /* libz.dylib */ = {isa = PBXFileReference; lastKnownFileType = "compiled.mach-o.dylib"; name = libz.dylib; path = usr/lib/libz.dylib; sourceTree = SDKROOT; };
		AC15B0E3165BD5A700E856E4 /* libxml2.dylib */ = {isa = PBXFileReference; lastKnownFileType = "compiled.mach-o.dylib"; name = libxml2.dylib; path = usr/lib/libxml2.dylib; sourceTree = SDKROOT; };
		AC4AB5D7167D7E51006D88B7 /* CFNetwork.framework */ = {isa = PBXFileReference; lastKnownFileType = wrapper.framework; name = CFNetwork.framework; path = System/Library/Frameworks/CFNetwork.framework; sourceTree = SDKROOT; };
		ACA95905166CD1DD00302D82 /* SmartPhoneController.h */ = {isa = PBXFileReference; fileEncoding = 4; lastKnownFileType = sourcecode.c.h; name = SmartPhoneController.h; path = ProvideForTheAged/VOIP/SmartPhoneController.h; sourceTree = "<group>"; };
		ACA95906166CD1DD00302D82 /* SmartPhoneController.m */ = {isa = PBXFileReference; fileEncoding = 4; lastKnownFileType = sourcecode.c.objc; name = SmartPhoneController.m; path = ProvideForTheAged/VOIP/SmartPhoneController.m; sourceTree = "<group>"; };
		ACA95908166CD40D00302D82 /* RecentCallController.h */ = {isa = PBXFileReference; fileEncoding = 4; lastKnownFileType = sourcecode.c.h; name = RecentCallController.h; path = ProvideForTheAged/VOIP/RecentCallController.h; sourceTree = "<group>"; };
		ACA95909166CD40D00302D82 /* RecentCallController.m */ = {isa = PBXFileReference; fileEncoding = 4; lastKnownFileType = sourcecode.c.objc; name = RecentCallController.m; path = ProvideForTheAged/VOIP/RecentCallController.m; sourceTree = "<group>"; };
		ACA9590B166CD4C900302D82 /* AddressBookController.h */ = {isa = PBXFileReference; fileEncoding = 4; lastKnownFileType = sourcecode.c.h; name = AddressBookController.h; path = ProvideForTheAged/VOIP/AddressBookController.h; sourceTree = "<group>"; };
		ACA9590C166CD4C900302D82 /* AddressBookController.m */ = {isa = PBXFileReference; fileEncoding = 4; lastKnownFileType = sourcecode.c.objc; name = AddressBookController.m; path = ProvideForTheAged/VOIP/AddressBookController.m; sourceTree = "<group>"; };
		ACA9590E166CD50900302D82 /* DialingController.h */ = {isa = PBXFileReference; fileEncoding = 4; lastKnownFileType = sourcecode.c.h; name = DialingController.h; path = ProvideForTheAged/VOIP/DialingController.h; sourceTree = "<group>"; };
		ACA9590F166CD50900302D82 /* DialingController.m */ = {isa = PBXFileReference; fileEncoding = 4; lastKnownFileType = sourcecode.c.objc; name = DialingController.m; path = ProvideForTheAged/VOIP/DialingController.m; sourceTree = "<group>"; };
		ACA95911166CE7B100302D82 /* ContactDetailController.h */ = {isa = PBXFileReference; fileEncoding = 4; lastKnownFileType = sourcecode.c.h; name = ContactDetailController.h; path = ProvideForTheAged/VOIP/ContactDetailController.h; sourceTree = "<group>"; };
		ACA95912166CE7B100302D82 /* ContactDetailController.m */ = {isa = PBXFileReference; fileEncoding = 4; lastKnownFileType = sourcecode.c.objc; name = ContactDetailController.m; path = ProvideForTheAged/VOIP/ContactDetailController.m; sourceTree = "<group>"; };
		ACA95915166D883F00302D82 /* FamilyMemberController.h */ = {isa = PBXFileReference; fileEncoding = 4; lastKnownFileType = sourcecode.c.h; name = FamilyMemberController.h; path = ProvideForTheAged/KinshipService/FamilyMemberController.h; sourceTree = "<group>"; };
		ACA95916166D883F00302D82 /* FamilyMemberController.m */ = {isa = PBXFileReference; fileEncoding = 4; lastKnownFileType = sourcecode.c.objc; name = FamilyMemberController.m; path = ProvideForTheAged/KinshipService/FamilyMemberController.m; sourceTree = "<group>"; };
		ACA95919166D8A8200302D82 /* CommunityServiceCallingListController.h */ = {isa = PBXFileReference; fileEncoding = 4; lastKnownFileType = sourcecode.c.h; name = CommunityServiceCallingListController.h; path = ProvideForTheAged/CommunityService/CommunityServiceCallingListController.h; sourceTree = "<group>"; };
		ACA9591A166D8A8200302D82 /* CommunityServiceCallingListController.m */ = {isa = PBXFileReference; fileEncoding = 4; lastKnownFileType = sourcecode.c.objc; name = CommunityServiceCallingListController.m; path = ProvideForTheAged/CommunityService/CommunityServiceCallingListController.m; sourceTree = "<group>"; };
		ACA9591F166DC3C900302D82 /* CommunityServiceAcceptOrderController.h */ = {isa = PBXFileReference; fileEncoding = 4; lastKnownFileType = sourcecode.c.h; name = CommunityServiceAcceptOrderController.h; path = ProvideForTheAged/CommunityService/CommunityServiceAcceptOrderController.h; sourceTree = "<group>"; };
		ACA95920166DC3C900302D82 /* CommunityServiceAcceptOrderController.m */ = {isa = PBXFileReference; fileEncoding = 4; lastKnownFileType = sourcecode.c.objc; name = CommunityServiceAcceptOrderController.m; path = ProvideForTheAged/CommunityService/CommunityServiceAcceptOrderController.m; sourceTree = "<group>"; };
		ACA95922166DCE0500302D82 /* CommunityServiceAcceptOrderSuccessController.h */ = {isa = PBXFileReference; fileEncoding = 4; lastKnownFileType = sourcecode.c.h; name = CommunityServiceAcceptOrderSuccessController.h; path = ProvideForTheAged/CommunityService/CommunityServiceAcceptOrderSuccessController.h; sourceTree = "<group>"; };
		ACA95923166DCE0500302D82 /* CommunityServiceAcceptOrderSuccessController.m */ = {isa = PBXFileReference; fileEncoding = 4; lastKnownFileType = sourcecode.c.objc; name = CommunityServiceAcceptOrderSuccessController.m; path = ProvideForTheAged/CommunityService/CommunityServiceAcceptOrderSuccessController.m; sourceTree = "<group>"; };
		ACA95925166DCE1E00302D82 /* CommunityServiceAcceptOrderFailController.h */ = {isa = PBXFileReference; fileEncoding = 4; lastKnownFileType = sourcecode.c.h; name = CommunityServiceAcceptOrderFailController.h; path = ProvideForTheAged/CommunityService/CommunityServiceAcceptOrderFailController.h; sourceTree = "<group>"; };
		ACA95926166DCE1E00302D82 /* CommunityServiceAcceptOrderFailController.m */ = {isa = PBXFileReference; fileEncoding = 4; lastKnownFileType = sourcecode.c.objc; name = CommunityServiceAcceptOrderFailController.m; path = ProvideForTheAged/CommunityService/CommunityServiceAcceptOrderFailController.m; sourceTree = "<group>"; };
		ACA95934166DF5C000302D82 /* CommunityServiceAcceptOrderProcessController.h */ = {isa = PBXFileReference; fileEncoding = 4; lastKnownFileType = sourcecode.c.h; name = CommunityServiceAcceptOrderProcessController.h; path = ProvideForTheAged/CommunityService/CommunityServiceAcceptOrderProcessController.h; sourceTree = "<group>"; };
		ACA95935166DF5C000302D82 /* CommunityServiceAcceptOrderProcessController.m */ = {isa = PBXFileReference; fileEncoding = 4; lastKnownFileType = sourcecode.c.objc; name = CommunityServiceAcceptOrderProcessController.m; path = ProvideForTheAged/CommunityService/CommunityServiceAcceptOrderProcessController.m; sourceTree = "<group>"; };
		ACA95938166E280B00302D82 /* LifeServiceCallingListController.h */ = {isa = PBXFileReference; fileEncoding = 4; lastKnownFileType = sourcecode.c.h; name = LifeServiceCallingListController.h; path = ProvideForTheAged/LifeService/LifeServiceCallingListController.h; sourceTree = "<group>"; };
		ACA95939166E280B00302D82 /* LifeServiceCallingListController.m */ = {isa = PBXFileReference; fileEncoding = 4; lastKnownFileType = sourcecode.c.objc; name = LifeServiceCallingListController.m; path = ProvideForTheAged/LifeService/LifeServiceCallingListController.m; sourceTree = "<group>"; };
		ACA9593B166E291F00302D82 /* LifeServiceAcceptOrderController.h */ = {isa = PBXFileReference; fileEncoding = 4; lastKnownFileType = sourcecode.c.h; name = LifeServiceAcceptOrderController.h; path = ProvideForTheAged/LifeService/LifeServiceAcceptOrderController.h; sourceTree = "<group>"; };
		ACA9593C166E291F00302D82 /* LifeServiceAcceptOrderController.m */ = {isa = PBXFileReference; fileEncoding = 4; lastKnownFileType = sourcecode.c.objc; name = LifeServiceAcceptOrderController.m; path = ProvideForTheAged/LifeService/LifeServiceAcceptOrderController.m; sourceTree = "<group>"; };
		ACA9593E166E29A100302D82 /* LifeServiceAcceptOrderSuccessController.h */ = {isa = PBXFileReference; fileEncoding = 4; lastKnownFileType = sourcecode.c.h; name = LifeServiceAcceptOrderSuccessController.h; path = ProvideForTheAged/LifeService/LifeServiceAcceptOrderSuccessController.h; sourceTree = "<group>"; };
		ACA9593F166E29A100302D82 /* LifeServiceAcceptOrderSuccessController.m */ = {isa = PBXFileReference; fileEncoding = 4; lastKnownFileType = sourcecode.c.objc; name = LifeServiceAcceptOrderSuccessController.m; path = ProvideForTheAged/LifeService/LifeServiceAcceptOrderSuccessController.m; sourceTree = "<group>"; };
		ACA95941166E29BC00302D82 /* LifeServiceAcceptOrderFailController.h */ = {isa = PBXFileReference; fileEncoding = 4; lastKnownFileType = sourcecode.c.h; name = LifeServiceAcceptOrderFailController.h; path = ProvideForTheAged/LifeService/LifeServiceAcceptOrderFailController.h; sourceTree = "<group>"; };
		ACA95942166E29BC00302D82 /* LifeServiceAcceptOrderFailController.m */ = {isa = PBXFileReference; fileEncoding = 4; lastKnownFileType = sourcecode.c.objc; name = LifeServiceAcceptOrderFailController.m; path = ProvideForTheAged/LifeService/LifeServiceAcceptOrderFailController.m; sourceTree = "<group>"; };
		ACA95944166E29EB00302D82 /* LifeServiceAcceptOrderProcessController.h */ = {isa = PBXFileReference; fileEncoding = 4; lastKnownFileType = sourcecode.c.h; name = LifeServiceAcceptOrderProcessController.h; path = ProvideForTheAged/LifeService/LifeServiceAcceptOrderProcessController.h; sourceTree = "<group>"; };
		ACA95945166E29EB00302D82 /* LifeServiceAcceptOrderProcessController.m */ = {isa = PBXFileReference; fileEncoding = 4; lastKnownFileType = sourcecode.c.objc; name = LifeServiceAcceptOrderProcessController.m; path = ProvideForTheAged/LifeService/LifeServiceAcceptOrderProcessController.m; sourceTree = "<group>"; };
		ACACC6741660F70C00CE5BC0 /* LoginController.h */ = {isa = PBXFileReference; fileEncoding = 4; lastKnownFileType = sourcecode.c.h; name = LoginController.h; path = LoginAndRegister/LoginController.h; sourceTree = "<group>"; };
		ACACC6751660F70C00CE5BC0 /* LoginController.m */ = {isa = PBXFileReference; fileEncoding = 4; lastKnownFileType = sourcecode.c.objc; name = LoginController.m; path = LoginAndRegister/LoginController.m; sourceTree = "<group>"; };
		ACACC68C1661142A00CE5BC0 /* ProvideForTheAgedIndexController.h */ = {isa = PBXFileReference; fileEncoding = 4; lastKnownFileType = sourcecode.c.h; name = ProvideForTheAgedIndexController.h; path = ProvideForTheAged/ProvideForTheAgedIndexController.h; sourceTree = "<group>"; };
		ACACC68D1661142A00CE5BC0 /* ProvideForTheAgedIndexController.m */ = {isa = PBXFileReference; fileEncoding = 4; lastKnownFileType = sourcecode.c.objc; name = ProvideForTheAgedIndexController.m; path = ProvideForTheAged/ProvideForTheAgedIndexController.m; sourceTree = "<group>"; };
		ACACC6A016611C1900CE5BC0 /* AudioToolbox.framework */ = {isa = PBXFileReference; lastKnownFileType = wrapper.framework; name = AudioToolbox.framework; path = System/Library/Frameworks/AudioToolbox.framework; sourceTree = SDKROOT; };
		ACACC6A316649B3F00CE5BC0 /* CallListController.h */ = {isa = PBXFileReference; fileEncoding = 4; lastKnownFileType = sourcecode.c.h; name = CallListController.h; path = ProvideForTheAged/EmergencyService/CallListController.h; sourceTree = "<group>"; };
		ACACC6A416649B3F00CE5BC0 /* CallListController.m */ = {isa = PBXFileReference; fileEncoding = 4; lastKnownFileType = sourcecode.c.objc; name = CallListController.m; path = ProvideForTheAged/EmergencyService/CallListController.m; sourceTree = "<group>"; };
		ACACC6A61664AFF700CE5BC0 /* RescueController.h */ = {isa = PBXFileReference; fileEncoding = 4; lastKnownFileType = sourcecode.c.h; name = RescueController.h; path = ProvideForTheAged/EmergencyService/RescueController.h; sourceTree = "<group>"; };
		ACACC6A71664AFF700CE5BC0 /* RescueController.m */ = {isa = PBXFileReference; fileEncoding = 4; lastKnownFileType = sourcecode.c.objc; name = RescueController.m; path = ProvideForTheAged/EmergencyService/RescueController.m; sourceTree = "<group>"; };
		ACB1629A168043B20029E395 /* 37x-Checkmark.png */ = {isa = PBXFileReference; lastKnownFileType = image.png; name = "37x-Checkmark.png"; path = "Images/MBProgressHUD/37x-Checkmark.png"; sourceTree = "<group>"; };
		ACB1629B168043B20029E395 /* 37x-Checkmark@2x.png */ = {isa = PBXFileReference; lastKnownFileType = image.png; name = "37x-Checkmark@2x.png"; path = "Images/MBProgressHUD/37x-Checkmark@2x.png"; sourceTree = "<group>"; };
		ACB162A7168046020029E395 /* AppMacro.h */ = {isa = PBXFileReference; lastKnownFileType = sourcecode.c.h; name = AppMacro.h; path = AppCore/AppMacro.h; sourceTree = "<group>"; };
		ACB162B91680703A0029E395 /* AppSession.h */ = {isa = PBXFileReference; fileEncoding = 4; lastKnownFileType = sourcecode.c.h; name = AppSession.h; path = AppCore/AppSession.h; sourceTree = "<group>"; };
		ACB162BA1680703A0029E395 /* AppSession.m */ = {isa = PBXFileReference; fileEncoding = 4; lastKnownFileType = sourcecode.c.objc; name = AppSession.m; path = AppCore/AppSession.m; sourceTree = "<group>"; };
		ACB162D016897E6C0029E395 /* CoreLocation.framework */ = {isa = PBXFileReference; lastKnownFileType = wrapper.framework; name = CoreLocation.framework; path = System/Library/Frameworks/CoreLocation.framework; sourceTree = SDKROOT; };
/* End PBXFileReference section */

/* Begin PBXFrameworksBuildPhase section */
		AC15B05E165B528C00E856E4 /* Frameworks */ = {
			isa = PBXFrameworksBuildPhase;
			buildActionMask = 2147483647;
			files = (
				ACB162D116897E6D0029E395 /* CoreLocation.framework in Frameworks */,
				AC4AB5D8167D7E51006D88B7 /* CFNetwork.framework in Frameworks */,
				ACACC6A116611C1A00CE5BC0 /* AudioToolbox.framework in Frameworks */,
				AC15B0E4165BD5A700E856E4 /* libxml2.dylib in Frameworks */,
				AC15B0E0165BD41100E856E4 /* libz.dylib in Frameworks */,
				AC15B0DE165BD31600E856E4 /* CoreData.framework in Frameworks */,
				AC15B066165B528C00E856E4 /* UIKit.framework in Frameworks */,
				AC15B0DC165BD30200E856E4 /* QuartzCore.framework in Frameworks */,
				AC15B0DA165BD2F800E856E4 /* CoreFoundation.framework in Frameworks */,
				AC15B0D8165BD2E800E856E4 /* MobileCoreServices.framework in Frameworks */,
				AC15B0D6165BD2D600E856E4 /* SystemConfiguration.framework in Frameworks */,
				AC15B0D4165BD2CE00E856E4 /* GameKit.framework in Frameworks */,
				AC15B08D165B52F300E856E4 /* libcore.a in Frameworks */,
				AC15B068165B528C00E856E4 /* Foundation.framework in Frameworks */,
				AC15B06A165B528C00E856E4 /* CoreGraphics.framework in Frameworks */,
			);
			runOnlyForDeploymentPostprocessing = 0;
		};
/* End PBXFrameworksBuildPhase section */

/* Begin PBXGroup section */
		AC15B056165B528C00E856E4 = {
			isa = PBXGroup;
			children = (
				AC15B06B165B528C00E856E4 /* SmartLife */,
				AC15B064165B528C00E856E4 /* Frameworks */,
				AC15B062165B528C00E856E4 /* Products */,
			);
			sourceTree = "<group>";
		};
		AC15B062165B528C00E856E4 /* Products */ = {
			isa = PBXGroup;
			children = (
				AC15B061165B528C00E856E4 /* SmartLife.app */,
			);
			name = Products;
			sourceTree = "<group>";
		};
		AC15B064165B528C00E856E4 /* Frameworks */ = {
			isa = PBXGroup;
			children = (
				AC15B082165B52BD00E856E4 /* core.xcodeproj */,
				AC15B0DF165BD41100E856E4 /* libz.dylib */,
				AC15B0E3165BD5A700E856E4 /* libxml2.dylib */,
				ACB162D016897E6C0029E395 /* CoreLocation.framework */,
				AC4AB5D7167D7E51006D88B7 /* CFNetwork.framework */,
				ACACC6A016611C1900CE5BC0 /* AudioToolbox.framework */,
				AC15B0DD165BD31600E856E4 /* CoreData.framework */,
				AC15B0DB165BD30200E856E4 /* QuartzCore.framework */,
				AC15B0D9165BD2F700E856E4 /* CoreFoundation.framework */,
				AC15B0D7165BD2E800E856E4 /* MobileCoreServices.framework */,
				AC15B0D5165BD2D600E856E4 /* SystemConfiguration.framework */,
				AC15B0D3165BD2CE00E856E4 /* GameKit.framework */,
				AC15B065165B528C00E856E4 /* UIKit.framework */,
				AC15B067165B528C00E856E4 /* Foundation.framework */,
				AC15B069165B528C00E856E4 /* CoreGraphics.framework */,
			);
			name = Frameworks;
			sourceTree = "<group>";
		};
		AC15B06B165B528C00E856E4 /* SmartLife */ = {
			isa = PBXGroup;
			children = (
				ACACC68B166111CC00CE5BC0 /* ProvideForTheAged */,
				ACACC6731660F6A600CE5BC0 /* LoginAndRegister */,
				AC15B098165B56C000E856E4 /* AppCore */,
				AC15B06C165B528C00E856E4 /* Supporting Files */,
				AC15B09F165BC00100E856E4 /* HomeController.h */,
				AC15B0A0165BC00100E856E4 /* HomeController.m */,
				AC15B074165B528C00E856E4 /* ZPAppDelegate.h */,
				AC15B075165B528C00E856E4 /* ZPAppDelegate.m */,
			);
			path = SmartLife;
			sourceTree = "<group>";
		};
		AC15B06C165B528C00E856E4 /* Supporting Files */ = {
			isa = PBXGroup;
			children = (
				ACB1629816803D740029E395 /* Images */,
				AC15B0AD165BC22F00E856E4 /* Documents */,
				AC15B06D165B528C00E856E4 /* SmartLife-Info.plist */,
				AC15B06E165B528C00E856E4 /* InfoPlist.strings */,
				AC15B071165B528C00E856E4 /* main.m */,
				AC15B073165B528C00E856E4 /* SmartLife-Prefix.pch */,
				AC15B077165B528C00E856E4 /* Default.png */,
				AC15B079165B528C00E856E4 /* Default@2x.png */,
				AC15B07B165B528C00E856E4 /* Default-568h@2x.png */,
			);
			name = "Supporting Files";
			sourceTree = "<group>";
		};
		AC15B083165B52BD00E856E4 /* Products */ = {
			isa = PBXGroup;
			children = (
				AC15B08A165B52BD00E856E4 /* libcore.a */,
			);
			name = Products;
			sourceTree = "<group>";
		};
		AC15B098165B56C000E856E4 /* AppCore */ = {
			isa = PBXGroup;
			children = (
				AC15B099165B56D400E856E4 /* AppBaseController.h */,
				AC15B09A165B56D400E856E4 /* AppBaseController.m */,
				AC15B09B165B56D400E856E4 /* GlobalObjectsContainer.h */,
				AC15B09C165B56D400E856E4 /* GlobalObjectsContainer.m */,
				ACB162A7168046020029E395 /* AppMacro.h */,
				ACB162B91680703A0029E395 /* AppSession.h */,
				ACB162BA1680703A0029E395 /* AppSession.m */,
			);
			name = AppCore;
			sourceTree = "<group>";
		};
		ACA95904166CD15F00302D82 /* VOIP */ = {
			isa = PBXGroup;
			children = (
				ACA95905166CD1DD00302D82 /* SmartPhoneController.h */,
				ACA95906166CD1DD00302D82 /* SmartPhoneController.m */,
				ACA95908166CD40D00302D82 /* RecentCallController.h */,
				ACA95909166CD40D00302D82 /* RecentCallController.m */,
				ACA9590B166CD4C900302D82 /* AddressBookController.h */,
				ACA9590C166CD4C900302D82 /* AddressBookController.m */,
				ACA9590E166CD50900302D82 /* DialingController.h */,
				ACA9590F166CD50900302D82 /* DialingController.m */,
				ACA95911166CE7B100302D82 /* ContactDetailController.h */,
				ACA95912166CE7B100302D82 /* ContactDetailController.m */,
			);
			name = VOIP;
			sourceTree = "<group>";
		};
		ACA95914166D87CD00302D82 /* KinshipService */ = {
			isa = PBXGroup;
			children = (
				ACA95915166D883F00302D82 /* FamilyMemberController.h */,
				ACA95916166D883F00302D82 /* FamilyMemberController.m */,
			);
			name = KinshipService;
			sourceTree = "<group>";
		};
		ACA95918166D8A1800302D82 /* CommunityService */ = {
			isa = PBXGroup;
			children = (
				ACA95919166D8A8200302D82 /* CommunityServiceCallingListController.h */,
				ACA9591A166D8A8200302D82 /* CommunityServiceCallingListController.m */,
				ACA9591F166DC3C900302D82 /* CommunityServiceAcceptOrderController.h */,
				ACA95920166DC3C900302D82 /* CommunityServiceAcceptOrderController.m */,
				ACA95922166DCE0500302D82 /* CommunityServiceAcceptOrderSuccessController.h */,
				ACA95923166DCE0500302D82 /* CommunityServiceAcceptOrderSuccessController.m */,
				ACA95925166DCE1E00302D82 /* CommunityServiceAcceptOrderFailController.h */,
				ACA95926166DCE1E00302D82 /* CommunityServiceAcceptOrderFailController.m */,
				ACA95934166DF5C000302D82 /* CommunityServiceAcceptOrderProcessController.h */,
				ACA95935166DF5C000302D82 /* CommunityServiceAcceptOrderProcessController.m */,
			);
			name = CommunityService;
			sourceTree = "<group>";
		};
		ACA95937166E27A300302D82 /* LifeService */ = {
			isa = PBXGroup;
			children = (
				ACA95938166E280B00302D82 /* LifeServiceCallingListController.h */,
				ACA95939166E280B00302D82 /* LifeServiceCallingListController.m */,
				ACA9593B166E291F00302D82 /* LifeServiceAcceptOrderController.h */,
				ACA9593C166E291F00302D82 /* LifeServiceAcceptOrderController.m */,
				ACA9593E166E29A100302D82 /* LifeServiceAcceptOrderSuccessController.h */,
				ACA9593F166E29A100302D82 /* LifeServiceAcceptOrderSuccessController.m */,
				ACA95941166E29BC00302D82 /* LifeServiceAcceptOrderFailController.h */,
				ACA95942166E29BC00302D82 /* LifeServiceAcceptOrderFailController.m */,
				ACA95944166E29EB00302D82 /* LifeServiceAcceptOrderProcessController.h */,
				ACA95945166E29EB00302D82 /* LifeServiceAcceptOrderProcessController.m */,
			);
			name = LifeService;
			sourceTree = "<group>";
		};
		ACACC6731660F6A600CE5BC0 /* LoginAndRegister */ = {
			isa = PBXGroup;
			children = (
				ACACC6741660F70C00CE5BC0 /* LoginController.h */,
				ACACC6751660F70C00CE5BC0 /* LoginController.m */,
			);
			name = LoginAndRegister;
			sourceTree = "<group>";
		};
		ACACC68B166111CC00CE5BC0 /* ProvideForTheAged */ = {
			isa = PBXGroup;
			children = (
				ACA95937166E27A300302D82 /* LifeService */,
				ACA95918166D8A1800302D82 /* CommunityService */,
				ACA95914166D87CD00302D82 /* KinshipService */,
				ACA95904166CD15F00302D82 /* VOIP */,
				ACACC6A216649A9500CE5BC0 /* EmergencyService */,
				ACACC68C1661142A00CE5BC0 /* ProvideForTheAgedIndexController.h */,
				ACACC68D1661142A00CE5BC0 /* ProvideForTheAgedIndexController.m */,
			);
			name = ProvideForTheAged;
			sourceTree = "<group>";
		};
		ACACC6A216649A9500CE5BC0 /* EmergencyService */ = {
			isa = PBXGroup;
			children = (
				ACACC6A316649B3F00CE5BC0 /* CallListController.h */,
				ACACC6A416649B3F00CE5BC0 /* CallListController.m */,
				ACACC6A61664AFF700CE5BC0 /* RescueController.h */,
				ACACC6A71664AFF700CE5BC0 /* RescueController.m */,
			);
			name = EmergencyService;
			sourceTree = "<group>";
		};
		ACB1629816803D740029E395 /* Images */ = {
			isa = PBXGroup;
			children = (
				ACB162991680437A0029E395 /* MBProgressHUD */,
			);
			name = Images;
			sourceTree = "<group>";
		};
		ACB162991680437A0029E395 /* MBProgressHUD */ = {
			isa = PBXGroup;
			children = (
				ACB1629A168043B20029E395 /* 37x-Checkmark.png */,
				ACB1629B168043B20029E395 /* 37x-Checkmark@2x.png */,
			);
			name = MBProgressHUD;
			sourceTree = "<group>";
		};
/* End PBXGroup section */

/* Begin PBXNativeTarget section */
		AC15B060165B528C00E856E4 /* SmartLife */ = {
			isa = PBXNativeTarget;
			buildConfigurationList = AC15B07F165B528C00E856E4 /* Build configuration list for PBXNativeTarget "SmartLife" */;
			buildPhases = (
				AC15B05D165B528C00E856E4 /* Sources */,
				AC15B05E165B528C00E856E4 /* Frameworks */,
				AC15B05F165B528C00E856E4 /* Resources */,
			);
			buildRules = (
			);
			dependencies = (
				AC15B08C165B52E600E856E4 /* PBXTargetDependency */,
			);
			name = SmartLife;
			productName = SmartLife;
			productReference = AC15B061165B528C00E856E4 /* SmartLife.app */;
			productType = "com.apple.product-type.application";
		};
/* End PBXNativeTarget section */

/* Begin PBXProject section */
		AC15B058165B528C00E856E4 /* Project object */ = {
			isa = PBXProject;
			attributes = {
				CLASSPREFIX = ZP;
				LastUpgradeCheck = 0450;
				ORGANIZATIONNAME = zppro;
			};
			buildConfigurationList = AC15B05B165B528C00E856E4 /* Build configuration list for PBXProject "SmartLife" */;
			compatibilityVersion = "Xcode 3.2";
			developmentRegion = English;
			hasScannedForEncodings = 0;
			knownRegions = (
				en,
			);
			mainGroup = AC15B056165B528C00E856E4;
			productRefGroup = AC15B062165B528C00E856E4 /* Products */;
			projectDirPath = "";
			projectReferences = (
				{
					ProductGroup = AC15B083165B52BD00E856E4 /* Products */;
					ProjectRef = AC15B082165B52BD00E856E4 /* core.xcodeproj */;
				},
			);
			projectRoot = "";
			targets = (
				AC15B060165B528C00E856E4 /* SmartLife */,
			);
		};
/* End PBXProject section */

/* Begin PBXReferenceProxy section */
		AC15B08A165B52BD00E856E4 /* libcore.a */ = {
			isa = PBXReferenceProxy;
			fileType = archive.ar;
			path = libcore.a;
			remoteRef = AC15B089165B52BD00E856E4 /* PBXContainerItemProxy */;
			sourceTree = BUILT_PRODUCTS_DIR;
		};
/* End PBXReferenceProxy section */

/* Begin PBXResourcesBuildPhase section */
		AC15B05F165B528C00E856E4 /* Resources */ = {
			isa = PBXResourcesBuildPhase;
			buildActionMask = 2147483647;
			files = (
				AC15B070165B528C00E856E4 /* InfoPlist.strings in Resources */,
				AC15B078165B528C00E856E4 /* Default.png in Resources */,
				AC15B07A165B528C00E856E4 /* Default@2x.png in Resources */,
				AC15B07C165B528C00E856E4 /* Default-568h@2x.png in Resources */,
				AC15B0AE165BC22F00E856E4 /* Documents in Resources */,
				ACB1629C168043B20029E395 /* 37x-Checkmark.png in Resources */,
				ACB1629D168043B20029E395 /* 37x-Checkmark@2x.png in Resources */,
			);
			runOnlyForDeploymentPostprocessing = 0;
		};
/* End PBXResourcesBuildPhase section */

/* Begin PBXSourcesBuildPhase section */
		AC15B05D165B528C00E856E4 /* Sources */ = {
			isa = PBXSourcesBuildPhase;
			buildActionMask = 2147483647;
			files = (
				AC15B072165B528C00E856E4 /* main.m in Sources */,
				AC15B076165B528C00E856E4 /* ZPAppDelegate.m in Sources */,
				AC15B09D165B56D400E856E4 /* AppBaseController.m in Sources */,
				AC15B09E165B56D400E856E4 /* GlobalObjectsContainer.m in Sources */,
				AC15B0A1165BC00200E856E4 /* HomeController.m in Sources */,
				ACACC6761660F70C00CE5BC0 /* LoginController.m in Sources */,
				ACACC68E1661142A00CE5BC0 /* ProvideForTheAgedIndexController.m in Sources */,
				ACACC6A516649B3F00CE5BC0 /* CallListController.m in Sources */,
				ACACC6A81664AFF800CE5BC0 /* RescueController.m in Sources */,
				ACA95907166CD1DD00302D82 /* SmartPhoneController.m in Sources */,
				ACA9590A166CD40D00302D82 /* RecentCallController.m in Sources */,
				ACA9590D166CD4C900302D82 /* AddressBookController.m in Sources */,
				ACA95910166CD50900302D82 /* DialingController.m in Sources */,
				ACA95913166CE7B100302D82 /* ContactDetailController.m in Sources */,
				ACA95917166D883F00302D82 /* FamilyMemberController.m in Sources */,
				ACA9591B166D8A8200302D82 /* CommunityServiceCallingListController.m in Sources */,
				ACA95921166DC3C900302D82 /* CommunityServiceAcceptOrderController.m in Sources */,
				ACA95924166DCE0500302D82 /* CommunityServiceAcceptOrderSuccessController.m in Sources */,
				ACA95927166DCE1E00302D82 /* CommunityServiceAcceptOrderFailController.m in Sources */,
				ACA95936166DF5C100302D82 /* CommunityServiceAcceptOrderProcessController.m in Sources */,
				ACA9593A166E280B00302D82 /* LifeServiceCallingListController.m in Sources */,
				ACA9593D166E291F00302D82 /* LifeServiceAcceptOrderController.m in Sources */,
				ACA95940166E29A100302D82 /* LifeServiceAcceptOrderSuccessController.m in Sources */,
				ACA95943166E29BC00302D82 /* LifeServiceAcceptOrderFailController.m in Sources */,
				ACA95946166E29EC00302D82 /* LifeServiceAcceptOrderProcessController.m in Sources */,
				ACB162BB1680703B0029E395 /* AppSession.m in Sources */,
			);
			runOnlyForDeploymentPostprocessing = 0;
		};
/* End PBXSourcesBuildPhase section */

/* Begin PBXTargetDependency section */
		AC15B08C165B52E600E856E4 /* PBXTargetDependency */ = {
			isa = PBXTargetDependency;
			name = core;
			targetProxy = AC15B08B165B52E600E856E4 /* PBXContainerItemProxy */;
		};
/* End PBXTargetDependency section */

/* Begin PBXVariantGroup section */
		AC15B06E165B528C00E856E4 /* InfoPlist.strings */ = {
			isa = PBXVariantGroup;
			children = (
				AC15B06F165B528C00E856E4 /* en */,
			);
			name = InfoPlist.strings;
			sourceTree = "<group>";
		};
/* End PBXVariantGroup section */

/* Begin XCBuildConfiguration section */
		AC15B07D165B528C00E856E4 /* Debug */ = {
			isa = XCBuildConfiguration;
			buildSettings = {
				ALWAYS_SEARCH_USER_PATHS = NO;
				CLANG_CXX_LANGUAGE_STANDARD = "gnu++0x";
				CLANG_CXX_LIBRARY = "libc++";
				CLANG_WARN_EMPTY_BODY = YES;
				CLANG_WARN__DUPLICATE_METHOD_MATCH = YES;
				"CODE_SIGN_IDENTITY[sdk=iphoneos*]" = "iPhone Developer";
				COPY_PHASE_STRIP = NO;
				GCC_C_LANGUAGE_STANDARD = gnu99;
				GCC_DYNAMIC_NO_PIC = NO;
				GCC_OPTIMIZATION_LEVEL = 0;
				GCC_PREPROCESSOR_DEFINITIONS = (
					"DEBUG=1",
					"$(inherited)",
				);
				GCC_SYMBOLS_PRIVATE_EXTERN = NO;
				GCC_WARN_ABOUT_RETURN_TYPE = YES;
				GCC_WARN_UNINITIALIZED_AUTOS = YES;
				GCC_WARN_UNUSED_VARIABLE = YES;
				IPHONEOS_DEPLOYMENT_TARGET = 6.0;
				"PROVISIONING_PROFILE[sdk=iphoneos*]" = "";
				SDKROOT = iphoneos;
			};
			name = Debug;
		};
		AC15B07E165B528C00E856E4 /* Release */ = {
			isa = XCBuildConfiguration;
			buildSettings = {
				ALWAYS_SEARCH_USER_PATHS = NO;
				CLANG_CXX_LANGUAGE_STANDARD = "gnu++0x";
				CLANG_CXX_LIBRARY = "libc++";
				CLANG_WARN_EMPTY_BODY = YES;
				CLANG_WARN__DUPLICATE_METHOD_MATCH = YES;
				"CODE_SIGN_IDENTITY[sdk=iphoneos*]" = "iPhone Developer";
				COPY_PHASE_STRIP = YES;
				GCC_C_LANGUAGE_STANDARD = gnu99;
				GCC_WARN_ABOUT_RETURN_TYPE = YES;
				GCC_WARN_UNINITIALIZED_AUTOS = YES;
				GCC_WARN_UNUSED_VARIABLE = YES;
				IPHONEOS_DEPLOYMENT_TARGET = 6.0;
				OTHER_CFLAGS = "-DNS_BLOCK_ASSERTIONS=1";
				SDKROOT = iphoneos;
				VALIDATE_PRODUCT = YES;
			};
			name = Release;
		};
		AC15B080165B528C00E856E4 /* Debug */ = {
			isa = XCBuildConfiguration;
			buildSettings = {
				"CODE_SIGN_IDENTITY[sdk=iphoneos*]" = "iPhone Developer";
				GCC_PRECOMPILE_PREFIX_HEADER = YES;
				GCC_PREFIX_HEADER = "SmartLife/SmartLife-Prefix.pch";
				INFOPLIST_FILE = "SmartLife/SmartLife-Info.plist";
				IPHONEOS_DEPLOYMENT_TARGET = 5.1;
				OTHER_LDFLAGS = (
					"-ObjC",
					"-all_load",
				);
				PRODUCT_NAME = "$(TARGET_NAME)";
				"PROVISIONING_PROFILE[sdk=iphoneos*]" = "";
				USER_HEADER_SEARCH_PATHS = "../../com.zppro/core/**";
				WRAPPER_EXTENSION = app;
			};
			name = Debug;
		};
		AC15B081165B528C00E856E4 /* Release */ = {
			isa = XCBuildConfiguration;
			buildSettings = {
				"CODE_SIGN_IDENTITY[sdk=iphoneos*]" = "iPhone Developer";
				GCC_PRECOMPILE_PREFIX_HEADER = YES;
				GCC_PREFIX_HEADER = "SmartLife/SmartLife-Prefix.pch";
				INFOPLIST_FILE = "SmartLife/SmartLife-Info.plist";
				IPHONEOS_DEPLOYMENT_TARGET = 5.1;
				OTHER_LDFLAGS = (
					"-ObjC",
					"-all_load",
				);
				PRODUCT_NAME = "$(TARGET_NAME)";
				"PROVISIONING_PROFILE[sdk=iphoneos*]" = "";
				USER_HEADER_SEARCH_PATHS = "../../com.zppro/core/**";
				WRAPPER_EXTENSION = app;
			};
			name = Release;
		};
/* End XCBuildConfiguration section */

/* Begin XCConfigurationList section */
		AC15B05B165B528C00E856E4 /* Build configuration list for PBXProject "SmartLife" */ = {
			isa = XCConfigurationList;
			buildConfigurations = (
				AC15B07D165B528C00E856E4 /* Debug */,
				AC15B07E165B528C00E856E4 /* Release */,
			);
			defaultConfigurationIsVisible = 0;
			defaultConfigurationName = Release;
		};
		AC15B07F165B528C00E856E4 /* Build configuration list for PBXNativeTarget "SmartLife" */ = {
			isa = XCConfigurationList;
			buildConfigurations = (
				AC15B080165B528C00E856E4 /* Debug */,
				AC15B081165B528C00E856E4 /* Release */,
			);
			defaultConfigurationIsVisible = 0;
			defaultConfigurationName = Release;
		};
/* End XCConfigurationList section */
	};
	rootObject = AC15B058165B528C00E856E4 /* Project object */;
}
